// !$*UTF8*$!
{
	archiveVersion = 1;
	classes = {
	};
	objectVersion = 50;
	objects = {

/* Begin PBXBuildFile section */
		072A919D217D35070034089C /* WatchSessionManagerWatch.swift in Sources */ = {isa = PBXBuildFile; fileRef = 072A919C217D35070034089C /* WatchSessionManagerWatch.swift */; };
		0751FCBD21796D160049DD31 /* TableRowController.swift in Sources */ = {isa = PBXBuildFile; fileRef = 0751FCBC21796D160049DD31 /* TableRowController.swift */; };
		0751FCC0217A526A0049DD31 /* AlertNotifcationController.swift in Sources */ = {isa = PBXBuildFile; fileRef = 0751FCBF217A526A0049DD31 /* AlertNotifcationController.swift */; };
		0777C4D1217D262A00EEC72B /* WatchSessionManagerApp.swift in Sources */ = {isa = PBXBuildFile; fileRef = 0777C4D0217D262A00EEC72B /* WatchSessionManagerApp.swift */; };
		07DF125F2178F8250037850A /* AppDelegate.swift in Sources */ = {isa = PBXBuildFile; fileRef = 07DF125E2178F8250037850A /* AppDelegate.swift */; };
		07DF12612178F8250037850A /* ViewController.swift in Sources */ = {isa = PBXBuildFile; fileRef = 07DF12602178F8250037850A /* ViewController.swift */; };
		07DF12642178F8250037850A /* Main.storyboard in Resources */ = {isa = PBXBuildFile; fileRef = 07DF12622178F8250037850A /* Main.storyboard */; };
		07DF12662178F8260037850A /* Assets.xcassets in Resources */ = {isa = PBXBuildFile; fileRef = 07DF12652178F8260037850A /* Assets.xcassets */; };
		07DF12692178F8260037850A /* LaunchScreen.storyboard in Resources */ = {isa = PBXBuildFile; fileRef = 07DF12672178F8260037850A /* LaunchScreen.storyboard */; };
		07DF1277217911820037850A /* Interface.storyboard in Resources */ = {isa = PBXBuildFile; fileRef = 07DF1275217911820037850A /* Interface.storyboard */; };
		07DF1279217911830037850A /* Assets.xcassets in Resources */ = {isa = PBXBuildFile; fileRef = 07DF1278217911830037850A /* Assets.xcassets */; };
		07DF1280217911830037850A /* copilot-watch Extension.appex in Embed App Extensions */ = {isa = PBXBuildFile; fileRef = 07DF127F217911830037850A /* copilot-watch Extension.appex */; settings = {ATTRIBUTES = (RemoveHeadersOnCopy, ); }; };
		07DF1285217911830037850A /* InterfaceController.swift in Sources */ = {isa = PBXBuildFile; fileRef = 07DF1284217911830037850A /* InterfaceController.swift */; };
		07DF1287217911830037850A /* ExtensionDelegate.swift in Sources */ = {isa = PBXBuildFile; fileRef = 07DF1286217911830037850A /* ExtensionDelegate.swift */; };
		07DF1289217911830037850A /* NotificationController.swift in Sources */ = {isa = PBXBuildFile; fileRef = 07DF1288217911830037850A /* NotificationController.swift */; };
		07DF128B217911840037850A /* Assets.xcassets in Resources */ = {isa = PBXBuildFile; fileRef = 07DF128A217911840037850A /* Assets.xcassets */; };
		07DF1290217911840037850A /* copilot-watch.app in Embed Watch Content */ = {isa = PBXBuildFile; fileRef = 07DF1273217911820037850A /* copilot-watch.app */; };
		DC0A4E981BF8F4D5F25E927B /* Pods_copilot.framework in Frameworks */ = {isa = PBXBuildFile; fileRef = 1FED1E129FFE459EDB9452DF /* Pods_copilot.framework */; };
/* End PBXBuildFile section */

/* Begin PBXContainerItemProxy section */
		07DF1281217911830037850A /* PBXContainerItemProxy */ = {
			isa = PBXContainerItemProxy;
			containerPortal = 07DF12532178F8250037850A /* Project object */;
			proxyType = 1;
			remoteGlobalIDString = 07DF127E217911830037850A;
			remoteInfo = "copilot-watch Extension";
		};
		07DF128E217911840037850A /* PBXContainerItemProxy */ = {
			isa = PBXContainerItemProxy;
			containerPortal = 07DF12532178F8250037850A /* Project object */;
			proxyType = 1;
			remoteGlobalIDString = 07DF1272217911820037850A;
			remoteInfo = "copilot-watch";
		};
/* End PBXContainerItemProxy section */

/* Begin PBXCopyFilesBuildPhase section */
		07DF1294217911840037850A /* Embed App Extensions */ = {
			isa = PBXCopyFilesBuildPhase;
			buildActionMask = 2147483647;
			dstPath = "";
			dstSubfolderSpec = 13;
			files = (
				07DF1280217911830037850A /* copilot-watch Extension.appex in Embed App Extensions */,
			);
			name = "Embed App Extensions";
			runOnlyForDeploymentPostprocessing = 0;
		};
		07DF1298217911840037850A /* Embed Watch Content */ = {
			isa = PBXCopyFilesBuildPhase;
			buildActionMask = 2147483647;
			dstPath = "$(CONTENTS_FOLDER_PATH)/Watch";
			dstSubfolderSpec = 16;
			files = (
				07DF1290217911840037850A /* copilot-watch.app in Embed Watch Content */,
			);
			name = "Embed Watch Content";
			runOnlyForDeploymentPostprocessing = 0;
		};
/* End PBXCopyFilesBuildPhase section */

/* Begin PBXFileReference section */
		072A919C217D35070034089C /* WatchSessionManagerWatch.swift */ = {isa = PBXFileReference; lastKnownFileType = sourcecode.swift; path = WatchSessionManagerWatch.swift; sourceTree = "<group>"; };
		0751FCBC21796D160049DD31 /* TableRowController.swift */ = {isa = PBXFileReference; lastKnownFileType = sourcecode.swift; path = TableRowController.swift; sourceTree = "<group>"; };
		0751FCBE217A50360049DD31 /* TestNotification.apns */ = {isa = PBXFileReference; lastKnownFileType = text; path = TestNotification.apns; sourceTree = "<group>"; };
		0751FCBF217A526A0049DD31 /* AlertNotifcationController.swift */ = {isa = PBXFileReference; lastKnownFileType = sourcecode.swift; path = AlertNotifcationController.swift; sourceTree = "<group>"; };
		0777C4D0217D262A00EEC72B /* WatchSessionManagerApp.swift */ = {isa = PBXFileReference; lastKnownFileType = sourcecode.swift; path = WatchSessionManagerApp.swift; sourceTree = "<group>"; };
		07DF125B2178F8250037850A /* copilot.app */ = {isa = PBXFileReference; explicitFileType = wrapper.application; includeInIndex = 0; path = copilot.app; sourceTree = BUILT_PRODUCTS_DIR; };
		07DF125E2178F8250037850A /* AppDelegate.swift */ = {isa = PBXFileReference; lastKnownFileType = sourcecode.swift; path = AppDelegate.swift; sourceTree = "<group>"; };
		07DF12602178F8250037850A /* ViewController.swift */ = {isa = PBXFileReference; lastKnownFileType = sourcecode.swift; path = ViewController.swift; sourceTree = "<group>"; };
		07DF12632178F8250037850A /* Base */ = {isa = PBXFileReference; lastKnownFileType = file.storyboard; name = Base; path = Base.lproj/Main.storyboard; sourceTree = "<group>"; };
		07DF12652178F8260037850A /* Assets.xcassets */ = {isa = PBXFileReference; lastKnownFileType = folder.assetcatalog; path = Assets.xcassets; sourceTree = "<group>"; };
		07DF12682178F8260037850A /* Base */ = {isa = PBXFileReference; lastKnownFileType = file.storyboard; name = Base; path = Base.lproj/LaunchScreen.storyboard; sourceTree = "<group>"; };
		07DF126A2178F8260037850A /* Info.plist */ = {isa = PBXFileReference; lastKnownFileType = text.plist.xml; path = Info.plist; sourceTree = "<group>"; };
		07DF1273217911820037850A /* copilot-watch.app */ = {isa = PBXFileReference; explicitFileType = wrapper.application; includeInIndex = 0; path = "copilot-watch.app"; sourceTree = BUILT_PRODUCTS_DIR; };
		07DF1276217911820037850A /* Base */ = {isa = PBXFileReference; lastKnownFileType = file.storyboard; name = Base; path = Base.lproj/Interface.storyboard; sourceTree = "<group>"; };
		07DF1278217911830037850A /* Assets.xcassets */ = {isa = PBXFileReference; lastKnownFileType = folder.assetcatalog; path = Assets.xcassets; sourceTree = "<group>"; };
		07DF127A217911830037850A /* Info.plist */ = {isa = PBXFileReference; lastKnownFileType = text.plist.xml; path = Info.plist; sourceTree = "<group>"; };
		07DF127F217911830037850A /* copilot-watch Extension.appex */ = {isa = PBXFileReference; explicitFileType = "wrapper.app-extension"; includeInIndex = 0; path = "copilot-watch Extension.appex"; sourceTree = BUILT_PRODUCTS_DIR; };
		07DF1284217911830037850A /* InterfaceController.swift */ = {isa = PBXFileReference; lastKnownFileType = sourcecode.swift; path = InterfaceController.swift; sourceTree = "<group>"; };
		07DF1286217911830037850A /* ExtensionDelegate.swift */ = {isa = PBXFileReference; lastKnownFileType = sourcecode.swift; path = ExtensionDelegate.swift; sourceTree = "<group>"; };
		07DF1288217911830037850A /* NotificationController.swift */ = {isa = PBXFileReference; lastKnownFileType = sourcecode.swift; path = NotificationController.swift; sourceTree = "<group>"; };
		07DF128A217911840037850A /* Assets.xcassets */ = {isa = PBXFileReference; lastKnownFileType = folder.assetcatalog; path = Assets.xcassets; sourceTree = "<group>"; };
		07DF128C217911840037850A /* Info.plist */ = {isa = PBXFileReference; lastKnownFileType = text.plist.xml; path = Info.plist; sourceTree = "<group>"; };
		07DF128D217911840037850A /* PushNotificationPayload.apns */ = {isa = PBXFileReference; lastKnownFileType = text; path = PushNotificationPayload.apns; sourceTree = "<group>"; };
		1FED1E129FFE459EDB9452DF /* Pods_copilot.framework */ = {isa = PBXFileReference; explicitFileType = wrapper.framework; includeInIndex = 0; path = Pods_copilot.framework; sourceTree = BUILT_PRODUCTS_DIR; };
		C06BB6AEC5A82884B757F328 /* Pods-copilot.debug.xcconfig */ = {isa = PBXFileReference; includeInIndex = 1; lastKnownFileType = text.xcconfig; name = "Pods-copilot.debug.xcconfig"; path = "Pods/Target Support Files/Pods-copilot/Pods-copilot.debug.xcconfig"; sourceTree = "<group>"; };
		F8C562C96848BDC0C4E284AD /* Pods-copilot.release.xcconfig */ = {isa = PBXFileReference; includeInIndex = 1; lastKnownFileType = text.xcconfig; name = "Pods-copilot.release.xcconfig"; path = "Pods/Target Support Files/Pods-copilot/Pods-copilot.release.xcconfig"; sourceTree = "<group>"; };
/* End PBXFileReference section */

/* Begin PBXFrameworksBuildPhase section */
		07DF12582178F8250037850A /* Frameworks */ = {
			isa = PBXFrameworksBuildPhase;
			buildActionMask = 2147483647;
			files = (
				DC0A4E981BF8F4D5F25E927B /* Pods_copilot.framework in Frameworks */,
			);
			runOnlyForDeploymentPostprocessing = 0;
		};
		07DF127C217911830037850A /* Frameworks */ = {
			isa = PBXFrameworksBuildPhase;
			buildActionMask = 2147483647;
			files = (
			);
			runOnlyForDeploymentPostprocessing = 0;
		};
/* End PBXFrameworksBuildPhase section */

/* Begin PBXGroup section */
		07DF12522178F8250037850A = {
			isa = PBXGroup;
			children = (
				07DF125D2178F8250037850A /* copilot */,
				07DF1274217911820037850A /* copilot-watch */,
				07DF1283217911830037850A /* copilot-watch Extension */,
				07DF125C2178F8250037850A /* Products */,
				3EDD09AC6A3E015CA5FF8951 /* Pods */,
				088338E6CCC06216B86195F3 /* Frameworks */,
			);
			sourceTree = "<group>";
		};
		07DF125C2178F8250037850A /* Products */ = {
			isa = PBXGroup;
			children = (
				07DF125B2178F8250037850A /* copilot.app */,
				07DF1273217911820037850A /* copilot-watch.app */,
				07DF127F217911830037850A /* copilot-watch Extension.appex */,
			);
			name = Products;
			sourceTree = "<group>";
		};
		07DF125D2178F8250037850A /* copilot */ = {
			isa = PBXGroup;
			children = (
				07DF125E2178F8250037850A /* AppDelegate.swift */,
				07DF12602178F8250037850A /* ViewController.swift */,
				07DF12622178F8250037850A /* Main.storyboard */,
				07DF12652178F8260037850A /* Assets.xcassets */,
				07DF12672178F8260037850A /* LaunchScreen.storyboard */,
				07DF126A2178F8260037850A /* Info.plist */,
				0777C4D0217D262A00EEC72B /* WatchSessionManagerApp.swift */,
			);
			path = copilot;
			sourceTree = "<group>";
		};
		07DF1274217911820037850A /* copilot-watch */ = {
			isa = PBXGroup;
			children = (
				07DF1275217911820037850A /* Interface.storyboard */,
				07DF1278217911830037850A /* Assets.xcassets */,
				07DF127A217911830037850A /* Info.plist */,
			);
			path = "copilot-watch";
			sourceTree = "<group>";
		};
		07DF1283217911830037850A /* copilot-watch Extension */ = {
			isa = PBXGroup;
			children = (
				07DF1284217911830037850A /* InterfaceController.swift */,
				072A919C217D35070034089C /* WatchSessionManagerWatch.swift */,
				0751FCBC21796D160049DD31 /* TableRowController.swift */,
				07DF1286217911830037850A /* ExtensionDelegate.swift */,
				07DF1288217911830037850A /* NotificationController.swift */,
				07DF128A217911840037850A /* Assets.xcassets */,
				07DF128C217911840037850A /* Info.plist */,
				07DF128D217911840037850A /* PushNotificationPayload.apns */,
				0751FCBE217A50360049DD31 /* TestNotification.apns */,
				0751FCBF217A526A0049DD31 /* AlertNotifcationController.swift */,
			);
			path = "copilot-watch Extension";
			sourceTree = "<group>";
		};
		088338E6CCC06216B86195F3 /* Frameworks */ = {
			isa = PBXGroup;
			children = (
				1FED1E129FFE459EDB9452DF /* Pods_copilot.framework */,
			);
			name = Frameworks;
			sourceTree = "<group>";
		};
		3EDD09AC6A3E015CA5FF8951 /* Pods */ = {
			isa = PBXGroup;
			children = (
				C06BB6AEC5A82884B757F328 /* Pods-copilot.debug.xcconfig */,
				F8C562C96848BDC0C4E284AD /* Pods-copilot.release.xcconfig */,
			);
			name = Pods;
			sourceTree = "<group>";
		};
/* End PBXGroup section */

/* Begin PBXNativeTarget section */
		07DF125A2178F8250037850A /* copilot */ = {
			isa = PBXNativeTarget;
			buildConfigurationList = 07DF126D2178F8260037850A /* Build configuration list for PBXNativeTarget "copilot" */;
			buildPhases = (
				0603B8BC4B3D8050FBF85DB1 /* [CP] Check Pods Manifest.lock */,
				07DF12572178F8250037850A /* Sources */,
				07DF12582178F8250037850A /* Frameworks */,
				07DF12592178F8250037850A /* Resources */,
				07DF12702178FD1B0037850A /* Insert Mapbox access token */,
				7496F80B67FCE8AE78FF6769 /* [CP] Embed Pods Frameworks */,
				07DF1298217911840037850A /* Embed Watch Content */,
			);
			buildRules = (
			);
			dependencies = (
				07DF128F217911840037850A /* PBXTargetDependency */,
			);
			name = copilot;
			productName = copilot;
			productReference = 07DF125B2178F8250037850A /* copilot.app */;
			productType = "com.apple.product-type.application";
		};
		07DF1272217911820037850A /* copilot-watch */ = {
			isa = PBXNativeTarget;
			buildConfigurationList = 07DF1295217911840037850A /* Build configuration list for PBXNativeTarget "copilot-watch" */;
			buildPhases = (
				07DF1271217911820037850A /* Resources */,
				07DF1294217911840037850A /* Embed App Extensions */,
			);
			buildRules = (
			);
			dependencies = (
				07DF1282217911830037850A /* PBXTargetDependency */,
			);
			name = "copilot-watch";
			productName = "copilot-watch";
			productReference = 07DF1273217911820037850A /* copilot-watch.app */;
			productType = "com.apple.product-type.application.watchapp2";
		};
		07DF127E217911830037850A /* copilot-watch Extension */ = {
			isa = PBXNativeTarget;
			buildConfigurationList = 07DF1291217911840037850A /* Build configuration list for PBXNativeTarget "copilot-watch Extension" */;
			buildPhases = (
				07DF127B217911830037850A /* Sources */,
				07DF127C217911830037850A /* Frameworks */,
				07DF127D217911830037850A /* Resources */,
			);
			buildRules = (
			);
			dependencies = (
			);
			name = "copilot-watch Extension";
			productName = "copilot-watch Extension";
			productReference = 07DF127F217911830037850A /* copilot-watch Extension.appex */;
			productType = "com.apple.product-type.watchkit2-extension";
		};
/* End PBXNativeTarget section */

/* Begin PBXProject section */
		07DF12532178F8250037850A /* Project object */ = {
			isa = PBXProject;
			attributes = {
				LastSwiftUpdateCheck = 1000;
				LastUpgradeCheck = 1000;
				ORGANIZATIONNAME = "Nadia Barbosa";
				TargetAttributes = {
					07DF125A2178F8250037850A = {
						CreatedOnToolsVersion = 10.0;
					};
					07DF1272217911820037850A = {
						CreatedOnToolsVersion = 10.0;
					};
					07DF127E217911830037850A = {
						CreatedOnToolsVersion = 10.0;
					};
				};
			};
			buildConfigurationList = 07DF12562178F8250037850A /* Build configuration list for PBXProject "copilot" */;
			compatibilityVersion = "Xcode 9.3";
			developmentRegion = en;
			hasScannedForEncodings = 0;
			knownRegions = (
				en,
				Base,
			);
			mainGroup = 07DF12522178F8250037850A;
			productRefGroup = 07DF125C2178F8250037850A /* Products */;
			projectDirPath = "";
			projectRoot = "";
			targets = (
				07DF125A2178F8250037850A /* copilot */,
				07DF1272217911820037850A /* copilot-watch */,
				07DF127E217911830037850A /* copilot-watch Extension */,
			);
		};
/* End PBXProject section */

/* Begin PBXResourcesBuildPhase section */
		07DF12592178F8250037850A /* Resources */ = {
			isa = PBXResourcesBuildPhase;
			buildActionMask = 2147483647;
			files = (
				07DF12692178F8260037850A /* LaunchScreen.storyboard in Resources */,
				07DF12662178F8260037850A /* Assets.xcassets in Resources */,
				07DF12642178F8250037850A /* Main.storyboard in Resources */,
			);
			runOnlyForDeploymentPostprocessing = 0;
		};
		07DF1271217911820037850A /* Resources */ = {
			isa = PBXResourcesBuildPhase;
			buildActionMask = 2147483647;
			files = (
				07DF1279217911830037850A /* Assets.xcassets in Resources */,
				07DF1277217911820037850A /* Interface.storyboard in Resources */,
			);
			runOnlyForDeploymentPostprocessing = 0;
		};
		07DF127D217911830037850A /* Resources */ = {
			isa = PBXResourcesBuildPhase;
			buildActionMask = 2147483647;
			files = (
				07DF128B217911840037850A /* Assets.xcassets in Resources */,
			);
			runOnlyForDeploymentPostprocessing = 0;
		};
/* End PBXResourcesBuildPhase section */

/* Begin PBXShellScriptBuildPhase section */
		0603B8BC4B3D8050FBF85DB1 /* [CP] Check Pods Manifest.lock */ = {
			isa = PBXShellScriptBuildPhase;
			buildActionMask = 2147483647;
			files = (
			);
			inputPaths = (
				"${PODS_PODFILE_DIR_PATH}/Podfile.lock",
				"${PODS_ROOT}/Manifest.lock",
			);
			name = "[CP] Check Pods Manifest.lock";
			outputPaths = (
				"$(DERIVED_FILE_DIR)/Pods-copilot-checkManifestLockResult.txt",
			);
			runOnlyForDeploymentPostprocessing = 0;
			shellPath = /bin/sh;
			shellScript = "diff \"${PODS_PODFILE_DIR_PATH}/Podfile.lock\" \"${PODS_ROOT}/Manifest.lock\" > /dev/null\nif [ $? != 0 ] ; then\n    # print error to STDERR\n    echo \"error: The sandbox is not in sync with the Podfile.lock. Run 'pod install' or update your CocoaPods installation.\" >&2\n    exit 1\nfi\n# This output is used by Xcode 'outputs' to avoid re-running this script phase.\necho \"SUCCESS\" > \"${SCRIPT_OUTPUT_FILE_0}\"\n";
			showEnvVarsInLog = 0;
		};
		07DF12702178FD1B0037850A /* Insert Mapbox access token */ = {
			isa = PBXShellScriptBuildPhase;
			buildActionMask = 2147483647;
			files = (
			);
			inputFileListPaths = (
			);
			inputPaths = (
				"$(TARGET_BUILD_DIR)/$(INFOPLIST_PATH)",
			);
			name = "Insert Mapbox access token";
			outputFileListPaths = (
			);
			outputPaths = (
			);
			runOnlyForDeploymentPostprocessing = 0;
			shellPath = /bin/sh;
			shellScript = "token_file=$SRCROOT/mapbox_access_token\n\n# First check the above path, then the user directory.\n# Ignore exit codes from `cat`.\ntoken=\"$(cat $token_file 2> /dev/null)\" || token=\"$(cat ~/.mapbox 2> /dev/null)\"\n\nif [ \"$token\" ]; then\nplutil -replace MGLMapboxAccessToken -string $token \"$TARGET_BUILD_DIR/$INFOPLIST_PATH\"\nelse\necho 'error: Missing Mapbox access token'\nopen 'https://www.mapbox.com/studio/account/tokens/'\necho \"error: Get an access token from <https://www.mapbox.com/studio/account/tokens/>, then create a new file at $token_file that contains the access token.\"\nexit 1\nfi\n";
		};
		7496F80B67FCE8AE78FF6769 /* [CP] Embed Pods Frameworks */ = {
			isa = PBXShellScriptBuildPhase;
			buildActionMask = 2147483647;
			files = (
			);
			inputPaths = (
				"${SRCROOT}/Pods/Target Support Files/Pods-copilot/Pods-copilot-frameworks.sh",
				"${PODS_ROOT}/Mapbox-iOS-SDK/dynamic/Mapbox.framework",
				"${PODS_ROOT}/Mapbox-iOS-SDK/dynamic/Mapbox.framework.dSYM",
				"${BUILT_PRODUCTS_DIR}/MapboxCoreNavigation/MapboxCoreNavigation.framework",
				"${BUILT_PRODUCTS_DIR}/MapboxDirections.swift/MapboxDirections.framework",
				"${BUILT_PRODUCTS_DIR}/MapboxMobileEvents/MapboxMobileEvents.framework",
				"${BUILT_PRODUCTS_DIR}/MapboxNavigation/MapboxNavigation.framework",
				"${PODS_ROOT}/MapboxNavigationNative/MapboxNavigationNative.framework",
				"${PODS_ROOT}/MapboxNavigationNative/MapboxNavigationNative.framework.dSYM",
				"${BUILT_PRODUCTS_DIR}/MapboxSpeech/MapboxSpeech.framework",
				"${BUILT_PRODUCTS_DIR}/Polyline/Polyline.framework",
				"${BUILT_PRODUCTS_DIR}/Solar/Solar.framework",
				"${BUILT_PRODUCTS_DIR}/Turf/Turf.framework",
			);
			name = "[CP] Embed Pods Frameworks";
			outputPaths = (
				"${TARGET_BUILD_DIR}/${FRAMEWORKS_FOLDER_PATH}/Mapbox.framework",
				"${DWARF_DSYM_FOLDER_PATH}/Mapbox.framework.dSYM",
				"${TARGET_BUILD_DIR}/${FRAMEWORKS_FOLDER_PATH}/MapboxCoreNavigation.framework",
				"${TARGET_BUILD_DIR}/${FRAMEWORKS_FOLDER_PATH}/MapboxDirections.framework",
				"${TARGET_BUILD_DIR}/${FRAMEWORKS_FOLDER_PATH}/MapboxMobileEvents.framework",
				"${TARGET_BUILD_DIR}/${FRAMEWORKS_FOLDER_PATH}/MapboxNavigation.framework",
				"${TARGET_BUILD_DIR}/${FRAMEWORKS_FOLDER_PATH}/MapboxNavigationNative.framework",
				"${DWARF_DSYM_FOLDER_PATH}/MapboxNavigationNative.framework.dSYM",
				"${TARGET_BUILD_DIR}/${FRAMEWORKS_FOLDER_PATH}/MapboxSpeech.framework",
				"${TARGET_BUILD_DIR}/${FRAMEWORKS_FOLDER_PATH}/Polyline.framework",
				"${TARGET_BUILD_DIR}/${FRAMEWORKS_FOLDER_PATH}/Solar.framework",
				"${TARGET_BUILD_DIR}/${FRAMEWORKS_FOLDER_PATH}/Turf.framework",
			);
			runOnlyForDeploymentPostprocessing = 0;
			shellPath = /bin/sh;
			shellScript = "\"${SRCROOT}/Pods/Target Support Files/Pods-copilot/Pods-copilot-frameworks.sh\"\n";
			showEnvVarsInLog = 0;
		};
/* End PBXShellScriptBuildPhase section */

/* Begin PBXSourcesBuildPhase section */
		07DF12572178F8250037850A /* Sources */ = {
			isa = PBXSourcesBuildPhase;
			buildActionMask = 2147483647;
			files = (
				0777C4D1217D262A00EEC72B /* WatchSessionManagerApp.swift in Sources */,
				07DF12612178F8250037850A /* ViewController.swift in Sources */,
				07DF125F2178F8250037850A /* AppDelegate.swift in Sources */,
			);
			runOnlyForDeploymentPostprocessing = 0;
		};
		07DF127B217911830037850A /* Sources */ = {
			isa = PBXSourcesBuildPhase;
			buildActionMask = 2147483647;
			files = (
				072A919D217D35070034089C /* WatchSessionManagerWatch.swift in Sources */,
				07DF1289217911830037850A /* NotificationController.swift in Sources */,
				0751FCC0217A526A0049DD31 /* AlertNotifcationController.swift in Sources */,
				07DF1287217911830037850A /* ExtensionDelegate.swift in Sources */,
				07DF1285217911830037850A /* InterfaceController.swift in Sources */,
				0751FCBD21796D160049DD31 /* TableRowController.swift in Sources */,
			);
			runOnlyForDeploymentPostprocessing = 0;
		};
/* End PBXSourcesBuildPhase section */

/* Begin PBXTargetDependency section */
		07DF1282217911830037850A /* PBXTargetDependency */ = {
			isa = PBXTargetDependency;
			target = 07DF127E217911830037850A /* copilot-watch Extension */;
			targetProxy = 07DF1281217911830037850A /* PBXContainerItemProxy */;
		};
		07DF128F217911840037850A /* PBXTargetDependency */ = {
			isa = PBXTargetDependency;
			target = 07DF1272217911820037850A /* copilot-watch */;
			targetProxy = 07DF128E217911840037850A /* PBXContainerItemProxy */;
		};
/* End PBXTargetDependency section */

/* Begin PBXVariantGroup section */
		07DF12622178F8250037850A /* Main.storyboard */ = {
			isa = PBXVariantGroup;
			children = (
				07DF12632178F8250037850A /* Base */,
			);
			name = Main.storyboard;
			sourceTree = "<group>";
		};
		07DF12672178F8260037850A /* LaunchScreen.storyboard */ = {
			isa = PBXVariantGroup;
			children = (
				07DF12682178F8260037850A /* Base */,
			);
			name = LaunchScreen.storyboard;
			sourceTree = "<group>";
		};
		07DF1275217911820037850A /* Interface.storyboard */ = {
			isa = PBXVariantGroup;
			children = (
				07DF1276217911820037850A /* Base */,
			);
			name = Interface.storyboard;
			sourceTree = "<group>";
		};
/* End PBXVariantGroup section */

/* Begin XCBuildConfiguration section */
		07DF126B2178F8260037850A /* Debug */ = {
			isa = XCBuildConfiguration;
			buildSettings = {
				ALWAYS_SEARCH_USER_PATHS = NO;
				CLANG_ANALYZER_NONNULL = YES;
				CLANG_ANALYZER_NUMBER_OBJECT_CONVERSION = YES_AGGRESSIVE;
				CLANG_CXX_LANGUAGE_STANDARD = "gnu++14";
				CLANG_CXX_LIBRARY = "libc++";
				CLANG_ENABLE_MODULES = YES;
				CLANG_ENABLE_OBJC_ARC = YES;
				CLANG_ENABLE_OBJC_WEAK = YES;
				CLANG_WARN_BLOCK_CAPTURE_AUTORELEASING = YES;
				CLANG_WARN_BOOL_CONVERSION = YES;
				CLANG_WARN_COMMA = YES;
				CLANG_WARN_CONSTANT_CONVERSION = YES;
				CLANG_WARN_DEPRECATED_OBJC_IMPLEMENTATIONS = YES;
				CLANG_WARN_DIRECT_OBJC_ISA_USAGE = YES_ERROR;
				CLANG_WARN_DOCUMENTATION_COMMENTS = YES;
				CLANG_WARN_EMPTY_BODY = YES;
				CLANG_WARN_ENUM_CONVERSION = YES;
				CLANG_WARN_INFINITE_RECURSION = YES;
				CLANG_WARN_INT_CONVERSION = YES;
				CLANG_WARN_NON_LITERAL_NULL_CONVERSION = YES;
				CLANG_WARN_OBJC_IMPLICIT_RETAIN_SELF = YES;
				CLANG_WARN_OBJC_LITERAL_CONVERSION = YES;
				CLANG_WARN_OBJC_ROOT_CLASS = YES_ERROR;
				CLANG_WARN_RANGE_LOOP_ANALYSIS = YES;
				CLANG_WARN_STRICT_PROTOTYPES = YES;
				CLANG_WARN_SUSPICIOUS_MOVE = YES;
				CLANG_WARN_UNGUARDED_AVAILABILITY = YES_AGGRESSIVE;
				CLANG_WARN_UNREACHABLE_CODE = YES;
				CLANG_WARN__DUPLICATE_METHOD_MATCH = YES;
				CODE_SIGN_IDENTITY = "iPhone Developer";
				COPY_PHASE_STRIP = NO;
				DEBUG_INFORMATION_FORMAT = dwarf;
				ENABLE_STRICT_OBJC_MSGSEND = YES;
				ENABLE_TESTABILITY = YES;
				GCC_C_LANGUAGE_STANDARD = gnu11;
				GCC_DYNAMIC_NO_PIC = NO;
				GCC_NO_COMMON_BLOCKS = YES;
				GCC_OPTIMIZATION_LEVEL = 0;
				GCC_PREPROCESSOR_DEFINITIONS = (
					"DEBUG=1",
					"$(inherited)",
				);
				GCC_WARN_64_TO_32_BIT_CONVERSION = YES;
				GCC_WARN_ABOUT_RETURN_TYPE = YES_ERROR;
				GCC_WARN_UNDECLARED_SELECTOR = YES;
				GCC_WARN_UNINITIALIZED_AUTOS = YES_AGGRESSIVE;
				GCC_WARN_UNUSED_FUNCTION = YES;
				GCC_WARN_UNUSED_VARIABLE = YES;
				IPHONEOS_DEPLOYMENT_TARGET = 12.0;
				MTL_ENABLE_DEBUG_INFO = INCLUDE_SOURCE;
				MTL_FAST_MATH = YES;
				ONLY_ACTIVE_ARCH = YES;
				SDKROOT = iphoneos;
				SWIFT_ACTIVE_COMPILATION_CONDITIONS = DEBUG;
				SWIFT_OPTIMIZATION_LEVEL = "-Onone";
			};
			name = Debug;
		};
		07DF126C2178F8260037850A /* Release */ = {
			isa = XCBuildConfiguration;
			buildSettings = {
				ALWAYS_SEARCH_USER_PATHS = NO;
				CLANG_ANALYZER_NONNULL = YES;
				CLANG_ANALYZER_NUMBER_OBJECT_CONVERSION = YES_AGGRESSIVE;
				CLANG_CXX_LANGUAGE_STANDARD = "gnu++14";
				CLANG_CXX_LIBRARY = "libc++";
				CLANG_ENABLE_MODULES = YES;
				CLANG_ENABLE_OBJC_ARC = YES;
				CLANG_ENABLE_OBJC_WEAK = YES;
				CLANG_WARN_BLOCK_CAPTURE_AUTORELEASING = YES;
				CLANG_WARN_BOOL_CONVERSION = YES;
				CLANG_WARN_COMMA = YES;
				CLANG_WARN_CONSTANT_CONVERSION = YES;
				CLANG_WARN_DEPRECATED_OBJC_IMPLEMENTATIONS = YES;
				CLANG_WARN_DIRECT_OBJC_ISA_USAGE = YES_ERROR;
				CLANG_WARN_DOCUMENTATION_COMMENTS = YES;
				CLANG_WARN_EMPTY_BODY = YES;
				CLANG_WARN_ENUM_CONVERSION = YES;
				CLANG_WARN_INFINITE_RECURSION = YES;
				CLANG_WARN_INT_CONVERSION = YES;
				CLANG_WARN_NON_LITERAL_NULL_CONVERSION = YES;
				CLANG_WARN_OBJC_IMPLICIT_RETAIN_SELF = YES;
				CLANG_WARN_OBJC_LITERAL_CONVERSION = YES;
				CLANG_WARN_OBJC_ROOT_CLASS = YES_ERROR;
				CLANG_WARN_RANGE_LOOP_ANALYSIS = YES;
				CLANG_WARN_STRICT_PROTOTYPES = YES;
				CLANG_WARN_SUSPICIOUS_MOVE = YES;
				CLANG_WARN_UNGUARDED_AVAILABILITY = YES_AGGRESSIVE;
				CLANG_WARN_UNREACHABLE_CODE = YES;
				CLANG_WARN__DUPLICATE_METHOD_MATCH = YES;
				CODE_SIGN_IDENTITY = "iPhone Developer";
				COPY_PHASE_STRIP = NO;
				DEBUG_INFORMATION_FORMAT = "dwarf-with-dsym";
				ENABLE_NS_ASSERTIONS = NO;
				ENABLE_STRICT_OBJC_MSGSEND = YES;
				GCC_C_LANGUAGE_STANDARD = gnu11;
				GCC_NO_COMMON_BLOCKS = YES;
				GCC_WARN_64_TO_32_BIT_CONVERSION = YES;
				GCC_WARN_ABOUT_RETURN_TYPE = YES_ERROR;
				GCC_WARN_UNDECLARED_SELECTOR = YES;
				GCC_WARN_UNINITIALIZED_AUTOS = YES_AGGRESSIVE;
				GCC_WARN_UNUSED_FUNCTION = YES;
				GCC_WARN_UNUSED_VARIABLE = YES;
				IPHONEOS_DEPLOYMENT_TARGET = 12.0;
				MTL_ENABLE_DEBUG_INFO = NO;
				MTL_FAST_MATH = YES;
				SDKROOT = iphoneos;
				SWIFT_COMPILATION_MODE = wholemodule;
				SWIFT_OPTIMIZATION_LEVEL = "-O";
				VALIDATE_PRODUCT = YES;
			};
			name = Release;
		};
		07DF126E2178F8260037850A /* Debug */ = {
			isa = XCBuildConfiguration;
			baseConfigurationReference = C06BB6AEC5A82884B757F328 /* Pods-copilot.debug.xcconfig */;
			buildSettings = {
				ASSETCATALOG_COMPILER_APPICON_NAME = AppIcon;
				CODE_SIGN_STYLE = Automatic;
				DEVELOPMENT_TEAM = D5C9R5U7RN;
				INFOPLIST_FILE = copilot/Info.plist;
				LD_RUNPATH_SEARCH_PATHS = (
					"$(inherited)",
					"@executable_path/Frameworks",
				);
				PRODUCT_BUNDLE_IDENTIFIER = com.nbsa.copilot;
				PRODUCT_NAME = "$(TARGET_NAME)";
				SWIFT_VERSION = 4.2;
				TARGETED_DEVICE_FAMILY = "1,2";
			};
			name = Debug;
		};
		07DF126F2178F8260037850A /* Release */ = {
			isa = XCBuildConfiguration;
			baseConfigurationReference = F8C562C96848BDC0C4E284AD /* Pods-copilot.release.xcconfig */;
			buildSettings = {
				ASSETCATALOG_COMPILER_APPICON_NAME = AppIcon;
				CODE_SIGN_STYLE = Automatic;
				DEVELOPMENT_TEAM = D5C9R5U7RN;
				INFOPLIST_FILE = copilot/Info.plist;
				LD_RUNPATH_SEARCH_PATHS = (
					"$(inherited)",
					"@executable_path/Frameworks",
				);
				PRODUCT_BUNDLE_IDENTIFIER = com.nbsa.copilot;
				PRODUCT_NAME = "$(TARGET_NAME)";
				SWIFT_VERSION = 4.2;
				TARGETED_DEVICE_FAMILY = "1,2";
			};
			name = Release;
		};
		07DF1292217911840037850A /* Debug */ = {
			isa = XCBuildConfiguration;
			buildSettings = {
				ASSETCATALOG_COMPILER_COMPLICATION_NAME = Complication;
				CODE_SIGN_STYLE = Automatic;
				DEVELOPMENT_TEAM = D5C9R5U7RN;
				INFOPLIST_FILE = "copilot-watch Extension/Info.plist";
				LD_RUNPATH_SEARCH_PATHS = (
					"$(inherited)",
					"@executable_path/Frameworks",
					"@executable_path/../../Frameworks",
				);
				PRODUCT_BUNDLE_IDENTIFIER = com.nbsa.copilot.watchkitapp.watchkitextension;
				PRODUCT_NAME = "${TARGET_NAME}";
				SDKROOT = watchos;
				SKIP_INSTALL = YES;
				SWIFT_VERSION = 4.2;
				TARGETED_DEVICE_FAMILY = 4;
				WATCHOS_DEPLOYMENT_TARGET = 5.0;
			};
			name = Debug;
		};
		07DF1293217911840037850A /* Release */ = {
			isa = XCBuildConfiguration;
			buildSettings = {
				ASSETCATALOG_COMPILER_COMPLICATION_NAME = Complication;
				CODE_SIGN_STYLE = Automatic;
				DEVELOPMENT_TEAM = D5C9R5U7RN;
				INFOPLIST_FILE = "copilot-watch Extension/Info.plist";
				LD_RUNPATH_SEARCH_PATHS = (
					"$(inherited)",
					"@executable_path/Frameworks",
					"@executable_path/../../Frameworks",
				);
				PRODUCT_BUNDLE_IDENTIFIER = com.nbsa.copilot.watchkitapp.watchkitextension;
				PRODUCT_NAME = "${TARGET_NAME}";
				SDKROOT = watchos;
				SKIP_INSTALL = YES;
				SWIFT_VERSION = 4.2;
				TARGETED_DEVICE_FAMILY = 4;
				WATCHOS_DEPLOYMENT_TARGET = 5.0;
			};
			name = Release;
		};
		07DF1296217911840037850A /* Debug */ = {
			isa = XCBuildConfiguration;
			buildSettings = {
				ALWAYS_EMBED_SWIFT_STANDARD_LIBRARIES = YES;
				ASSETCATALOG_COMPILER_APPICON_NAME = AppIcon;
				CODE_SIGN_STYLE = Automatic;
				DEVELOPMENT_TEAM = D5C9R5U7RN;
				IBSC_MODULE = copilot_watch_Extension;
				INFOPLIST_FILE = "copilot-watch/Info.plist";
				PRODUCT_BUNDLE_IDENTIFIER = com.nbsa.copilot.watchkitapp;
				PRODUCT_NAME = "$(TARGET_NAME)";
				SDKROOT = watchos;
				SKIP_INSTALL = YES;
				SWIFT_VERSION = 4.2;
				TARGETED_DEVICE_FAMILY = 4;
				WATCHOS_DEPLOYMENT_TARGET = 5.0;
			};
			name = Debug;
		};
		07DF1297217911840037850A /* Release */ = {
			isa = XCBuildConfiguration;
			buildSettings = {
				ALWAYS_EMBED_SWIFT_STANDARD_LIBRARIES = YES;
				ASSETCATALOG_COMPILER_APPICON_NAME = AppIcon;
				CODE_SIGN_STYLE = Automatic;
				DEVELOPMENT_TEAM = D5C9R5U7RN;
				IBSC_MODULE = copilot_watch_Extension;
				INFOPLIST_FILE = "copilot-watch/Info.plist";
				PRODUCT_BUNDLE_IDENTIFIER = com.nbsa.copilot.watchkitapp;
				PRODUCT_NAME = "$(TARGET_NAME)";
				SDKROOT = watchos;
				SKIP_INSTALL = YES;
				SWIFT_VERSION = 4.2;
				TARGETED_DEVICE_FAMILY = 4;
				WATCHOS_DEPLOYMENT_TARGET = 5.0;
			};
			name = Release;
		};
/* End XCBuildConfiguration section */

/* Begin XCConfigurationList section */
		07DF12562178F8250037850A /* Build configuration list for PBXProject "copilot" */ = {
			isa = XCConfigurationList;
			buildConfigurations = (
				07DF126B2178F8260037850A /* Debug */,
				07DF126C2178F8260037850A /* Release */,
			);
			defaultConfigurationIsVisible = 0;
			defaultConfigurationName = Release;
		};
		07DF126D2178F8260037850A /* Build configuration list for PBXNativeTarget "copilot" */ = {
			isa = XCConfigurationList;
			buildConfigurations = (
				07DF126E2178F8260037850A /* Debug */,
				07DF126F2178F8260037850A /* Release */,
			);
			defaultConfigurationIsVisible = 0;
			defaultConfigurationName = Release;
		};
		07DF1291217911840037850A /* Build configuration list for PBXNativeTarget "copilot-watch Extension" */ = {
			isa = XCConfigurationList;
			buildConfigurations = (
				07DF1292217911840037850A /* Debug */,
				07DF1293217911840037850A /* Release */,
			);
			defaultConfigurationIsVisible = 0;
			defaultConfigurationName = Release;
		};
		07DF1295217911840037850A /* Build configuration list for PBXNativeTarget "copilot-watch" */ = {
			isa = XCConfigurationList;
			buildConfigurations = (
				07DF1296217911840037850A /* Debug */,
				07DF1297217911840037850A /* Release */,
			);
			defaultConfigurationIsVisible = 0;
			defaultConfigurationName = Release;
		};
/* End XCConfigurationList section */
	};
	rootObject = 07DF12532178F8250037850A /* Project object */;
}
